
Microsoft Visual Studio Solution File, Format Version 12.00
# Visual Studio 15
VisualStudioVersion = 15.0.26124.0
MinimumVisualStudioVersion = 15.0.26124.0
Project("{FAE04EC0-301F-11D3-BF4B-00C04F79EFBC}") = "KafkaJanitor.WebApp", "KafkaJanitor.WebApp\KafkaJanitor.WebApp.csproj", "{24503936-B70C-4546-AA95-AFD2C261AFBC}"
EndProject
Project("{FAE04EC0-301F-11D3-BF4B-00C04F79EFBC}") = "KafkaJanitor.Tests", "KafkaJanitor.Tests\KafkaJanitor.Tests.csproj", "{F6277C7C-1C8A-48D0-BB24-29DE725EA483}"
EndProject
Project("{FAE04EC0-301F-11D3-BF4B-00C04F79EFBC}") = "KafkaJanitor.IntegrationTests", "KafkaJanitor.IntegrationTests\KafkaJanitor.IntegrationTests.csproj", "{D1B658BC-821C-486E-BEF8-0FE6CAE1EDEF}"
EndProject
Project("{FAE04EC0-301F-11D3-BF4B-00C04F79EFBC}") = "Tika.Client", "Tika.Client\Tika.Client.csproj", "{599B00E7-8CC5-4864-9E41-8E9BF5E3E8F0}"
EndProject
Project("{FAE04EC0-301F-11D3-BF4B-00C04F79EFBC}") = "Tika.Client.IntegrationTests", "..\integration-tests\Tika.Client.IntegrationTests\Tika.Client.IntegrationTests\Tika.Client.IntegrationTests.csproj", "{A8EA977D-7E28-4BF3-A4D7-D070214247DD}"
EndProject
Global
	GlobalSection(SolutionConfigurationPlatforms) = preSolution
		Debug|Any CPU = Debug|Any CPU
		Debug|x64 = Debug|x64
		Debug|x86 = Debug|x86
		Release|Any CPU = Release|Any CPU
		Release|x64 = Release|x64
		Release|x86 = Release|x86
	EndGlobalSection
	GlobalSection(SolutionProperties) = preSolution
		HideSolutionNode = FALSE
	EndGlobalSection
	GlobalSection(ProjectConfigurationPlatforms) = postSolution
		{24503936-B70C-4546-AA95-AFD2C261AFBC}.Debug|Any CPU.ActiveCfg = Debug|Any CPU
		{24503936-B70C-4546-AA95-AFD2C261AFBC}.Debug|Any CPU.Build.0 = Debug|Any CPU
		{24503936-B70C-4546-AA95-AFD2C261AFBC}.Debug|x64.ActiveCfg = Debug|Any CPU
		{24503936-B70C-4546-AA95-AFD2C261AFBC}.Debug|x64.Build.0 = Debug|Any CPU
		{24503936-B70C-4546-AA95-AFD2C261AFBC}.Debug|x86.ActiveCfg = Debug|Any CPU
		{24503936-B70C-4546-AA95-AFD2C261AFBC}.Debug|x86.Build.0 = Debug|Any CPU
		{24503936-B70C-4546-AA95-AFD2C261AFBC}.Release|Any CPU.ActiveCfg = Release|Any CPU
		{24503936-B70C-4546-AA95-AFD2C261AFBC}.Release|Any CPU.Build.0 = Release|Any CPU
		{24503936-B70C-4546-AA95-AFD2C261AFBC}.Release|x64.ActiveCfg = Release|Any CPU
		{24503936-B70C-4546-AA95-AFD2C261AFBC}.Release|x64.Build.0 = Release|Any CPU
		{24503936-B70C-4546-AA95-AFD2C261AFBC}.Release|x86.ActiveCfg = Release|Any CPU
		{24503936-B70C-4546-AA95-AFD2C261AFBC}.Release|x86.Build.0 = Release|Any CPU
		{F6277C7C-1C8A-48D0-BB24-29DE725EA483}.Debug|Any CPU.ActiveCfg = Debug|Any CPU
		{F6277C7C-1C8A-48D0-BB24-29DE725EA483}.Debug|Any CPU.Build.0 = Debug|Any CPU
		{F6277C7C-1C8A-48D0-BB24-29DE725EA483}.Debug|x64.ActiveCfg = Debug|Any CPU
		{F6277C7C-1C8A-48D0-BB24-29DE725EA483}.Debug|x64.Build.0 = Debug|Any CPU
		{F6277C7C-1C8A-48D0-BB24-29DE725EA483}.Debug|x86.ActiveCfg = Debug|Any CPU
		{F6277C7C-1C8A-48D0-BB24-29DE725EA483}.Debug|x86.Build.0 = Debug|Any CPU
		{F6277C7C-1C8A-48D0-BB24-29DE725EA483}.Release|Any CPU.ActiveCfg = Release|Any CPU
		{F6277C7C-1C8A-48D0-BB24-29DE725EA483}.Release|Any CPU.Build.0 = Release|Any CPU
		{F6277C7C-1C8A-48D0-BB24-29DE725EA483}.Release|x64.ActiveCfg = Release|Any CPU
		{F6277C7C-1C8A-48D0-BB24-29DE725EA483}.Release|x64.Build.0 = Release|Any CPU
		{F6277C7C-1C8A-48D0-BB24-29DE725EA483}.Release|x86.ActiveCfg = Release|Any CPU
		{F6277C7C-1C8A-48D0-BB24-29DE725EA483}.Release|x86.Build.0 = Release|Any CPU
		{D1B658BC-821C-486E-BEF8-0FE6CAE1EDEF}.Debug|Any CPU.ActiveCfg = Debug|Any CPU
		{D1B658BC-821C-486E-BEF8-0FE6CAE1EDEF}.Debug|Any CPU.Build.0 = Debug|Any CPU
		{D1B658BC-821C-486E-BEF8-0FE6CAE1EDEF}.Debug|x64.ActiveCfg = Debug|Any CPU
		{D1B658BC-821C-486E-BEF8-0FE6CAE1EDEF}.Debug|x64.Build.0 = Debug|Any CPU
		{D1B658BC-821C-486E-BEF8-0FE6CAE1EDEF}.Debug|x86.ActiveCfg = Debug|Any CPU
		{D1B658BC-821C-486E-BEF8-0FE6CAE1EDEF}.Debug|x86.Build.0 = Debug|Any CPU
		{D1B658BC-821C-486E-BEF8-0FE6CAE1EDEF}.Release|Any CPU.ActiveCfg = Release|Any CPU
		{D1B658BC-821C-486E-BEF8-0FE6CAE1EDEF}.Release|Any CPU.Build.0 = Release|Any CPU
		{D1B658BC-821C-486E-BEF8-0FE6CAE1EDEF}.Release|x64.ActiveCfg = Release|Any CPU
		{D1B658BC-821C-486E-BEF8-0FE6CAE1EDEF}.Release|x64.Build.0 = Release|Any CPU
		{D1B658BC-821C-486E-BEF8-0FE6CAE1EDEF}.Release|x86.ActiveCfg = Release|Any CPU
		{D1B658BC-821C-486E-BEF8-0FE6CAE1EDEF}.Release|x86.Build.0 = Release|Any CPU
		{599B00E7-8CC5-4864-9E41-8E9BF5E3E8F0}.Debug|Any CPU.ActiveCfg = Debug|Any CPU
		{599B00E7-8CC5-4864-9E41-8E9BF5E3E8F0}.Debug|Any CPU.Build.0 = Debug|Any CPU
		{599B00E7-8CC5-4864-9E41-8E9BF5E3E8F0}.Debug|x64.ActiveCfg = Debug|Any CPU
		{599B00E7-8CC5-4864-9E41-8E9BF5E3E8F0}.Debug|x64.Build.0 = Debug|Any CPU
		{599B00E7-8CC5-4864-9E41-8E9BF5E3E8F0}.Debug|x86.ActiveCfg = Debug|Any CPU
		{599B00E7-8CC5-4864-9E41-8E9BF5E3E8F0}.Debug|x86.Build.0 = Debug|Any CPU
		{599B00E7-8CC5-4864-9E41-8E9BF5E3E8F0}.Release|Any CPU.ActiveCfg = Release|Any CPU
		{599B00E7-8CC5-4864-9E41-8E9BF5E3E8F0}.Release|Any CPU.Build.0 = Release|Any CPU
		{599B00E7-8CC5-4864-9E41-8E9BF5E3E8F0}.Release|x64.ActiveCfg = Release|Any CPU
		{599B00E7-8CC5-4864-9E41-8E9BF5E3E8F0}.Release|x64.Build.0 = Release|Any CPU
		{599B00E7-8CC5-4864-9E41-8E9BF5E3E8F0}.Release|x86.ActiveCfg = Release|Any CPU
		{599B00E7-8CC5-4864-9E41-8E9BF5E3E8F0}.Release|x86.Build.0 = Release|Any CPU
		{A8EA977D-7E28-4BF3-A4D7-D070214247DD}.Debug|Any CPU.ActiveCfg = Debug|Any CPU
		{A8EA977D-7E28-4BF3-A4D7-D070214247DD}.Debug|Any CPU.Build.0 = Debug|Any CPU
		{A8EA977D-7E28-4BF3-A4D7-D070214247DD}.Debug|x64.ActiveCfg = Debug|Any CPU
		{A8EA977D-7E28-4BF3-A4D7-D070214247DD}.Debug|x64.Build.0 = Debug|Any CPU
		{A8EA977D-7E28-4BF3-A4D7-D070214247DD}.Debug|x86.ActiveCfg = Debug|Any CPU
		{A8EA977D-7E28-4BF3-A4D7-D070214247DD}.Debug|x86.Build.0 = Debug|Any CPU
		{A8EA977D-7E28-4BF3-A4D7-D070214247DD}.Release|Any CPU.ActiveCfg = Release|Any CPU
		{A8EA977D-7E28-4BF3-A4D7-D070214247DD}.Release|Any CPU.Build.0 = Release|Any CPU
		{A8EA977D-7E28-4BF3-A4D7-D070214247DD}.Release|x64.ActiveCfg = Release|Any CPU
		{A8EA977D-7E28-4BF3-A4D7-D070214247DD}.Release|x64.Build.0 = Release|Any CPU
		{A8EA977D-7E28-4BF3-A4D7-D070214247DD}.Release|x86.ActiveCfg = Release|Any CPU
		{A8EA977D-7E28-4BF3-A4D7-D070214247DD}.Release|x86.Build.0 = Release|Any CPU
	EndGlobalSection
EndGlobal
