
Microsoft Visual Studio Solution File, Format Version 12.00
Project("{FAE04EC0-301F-11D3-BF4B-00C04F79EFBC}") = "Tika.Client.IntegrationTests", "Tika.Client.IntegrationTests\Tika.Client.IntegrationTests.csproj", "{1042ACE5-4782-47E2-A682-5D95081BB8AB}"
EndProject
Project("{FAE04EC0-301F-11D3-BF4B-00C04F79EFBC}") = "Tika.Client", "..\..\src\Tika.Client\Tika.Client.csproj", "{137F81B0-BF49-4449-9DEF-116674896F07}"
EndProject
Global
	GlobalSection(SolutionConfigurationPlatforms) = preSolution
		Debug|Any CPU = Debug|Any CPU
		Release|Any CPU = Release|Any CPU
	EndGlobalSection
	GlobalSection(ProjectConfigurationPlatforms) = postSolution
		{1042ACE5-4782-47E2-A682-5D95081BB8AB}.Debug|Any CPU.ActiveCfg = Debug|Any CPU
		{1042ACE5-4782-47E2-A682-5D95081BB8AB}.Debug|Any CPU.Build.0 = Debug|Any CPU
		{1042ACE5-4782-47E2-A682-5D95081BB8AB}.Release|Any CPU.ActiveCfg = Release|Any CPU
		{1042ACE5-4782-47E2-A682-5D95081BB8AB}.Release|Any CPU.Build.0 = Release|Any CPU
		{137F81B0-BF49-4449-9DEF-116674896F07}.Debug|Any CPU.ActiveCfg = Debug|Any CPU
		{137F81B0-BF49-4449-9DEF-116674896F07}.Debug|Any CPU.Build.0 = Debug|Any CPU
		{137F81B0-BF49-4449-9DEF-116674896F07}.Release|Any CPU.ActiveCfg = Release|Any CPU
		{137F81B0-BF49-4449-9DEF-116674896F07}.Release|Any CPU.Build.0 = Release|Any CPU
	EndGlobalSection
EndGlobal
